
Microsoft Visual Studio Solution File, Format Version 12.00
# Visual Studio 15
VisualStudioVersion = 15.0.28307.572
MinimumVisualStudioVersion = 10.0.40219.1
Project("{888888A0-9F3D-457C-B088-3A5042F75D52}") = "candpythonproject", "candpythonproject\candpythonproject.pyproj", "{472F3CE8-7B2A-4D71-8178-5363A33C0ABD}"
EndProject
Project("{8BC9CEB8-8B4A-11D0-8D11-00A0C91BC942}") = "superfastcode", "superfastcode\superfastcode.vcxproj", "{C276CBB5-B024-4A83-95A4-1970DB276C7F}"
EndProject
Global
	GlobalSection(SolutionConfigurationPlatforms) = preSolution
		Debug|Any CPU = Debug|Any CPU
		Debug|x64 = Debug|x64
		Debug|x86 = Debug|x86
		Release|Any CPU = Release|Any CPU
		Release|x64 = Release|x64
		Release|x86 = Release|x86
	EndGlobalSection
	GlobalSection(ProjectConfigurationPlatforms) = postSolution
		{472F3CE8-7B2A-4D71-8178-5363A33C0ABD}.Debug|Any CPU.ActiveCfg = Debug|Any CPU
		{472F3CE8-7B2A-4D71-8178-5363A33C0ABD}.Debug|x64.ActiveCfg = Debug|Any CPU
		{472F3CE8-7B2A-4D71-8178-5363A33C0ABD}.Debug|x86.ActiveCfg = Debug|Any CPU
		{472F3CE8-7B2A-4D71-8178-5363A33C0ABD}.Release|Any CPU.ActiveCfg = Release|Any CPU
		{472F3CE8-7B2A-4D71-8178-5363A33C0ABD}.Release|x64.ActiveCfg = Release|Any CPU
		{472F3CE8-7B2A-4D71-8178-5363A33C0ABD}.Release|x86.ActiveCfg = Release|Any CPU
		{C276CBB5-B024-4A83-95A4-1970DB276C7F}.Debug|Any CPU.ActiveCfg = Debug|Win32
		{C276CBB5-B024-4A83-95A4-1970DB276C7F}.Debug|x64.ActiveCfg = Debug|x64
		{C276CBB5-B024-4A83-95A4-1970DB276C7F}.Debug|x64.Build.0 = Debug|x64
		{C276CBB5-B024-4A83-95A4-1970DB276C7F}.Debug|x86.ActiveCfg = Debug|Win32
		{C276CBB5-B024-4A83-95A4-1970DB276C7F}.Debug|x86.Build.0 = Debug|Win32
		{C276CBB5-B024-4A83-95A4-1970DB276C7F}.Release|Any CPU.ActiveCfg = Release|Win32
		{C276CBB5-B024-4A83-95A4-1970DB276C7F}.Release|x64.ActiveCfg = Release|x64
		{C276CBB5-B024-4A83-95A4-1970DB276C7F}.Release|x64.Build.0 = Release|x64
		{C276CBB5-B024-4A83-95A4-1970DB276C7F}.Release|x86.ActiveCfg = Release|Win32
		{C276CBB5-B024-4A83-95A4-1970DB276C7F}.Release|x86.Build.0 = Release|Win32
	EndGlobalSection
	GlobalSection(SolutionProperties) = preSolution
		HideSolutionNode = FALSE
	EndGlobalSection
	GlobalSection(ExtensibilityGlobals) = postSolution
		SolutionGuid = {2183B3BB-50C1-4E80-AB74-C5C27F23B293}
	EndGlobalSection
EndGlobal
