<?xml version="1.0" encoding="utf-8"?>
<Project ToolsVersion="4.0" xmlns="http://schemas.microsoft.com/developer/msbuild/2003">
  <ItemGroup>
    <Filter Include="libs">
      <UniqueIdentifier>{35c1b3aa-0065-4a9a-8102-1dd42515ad1d}</UniqueIdentifier>
    </Filter>
  </ItemGroup>
  <ItemGroup>
    <ClCompile Include="libs\ap.cpp">
      <Filter>libs</Filter>
    </ClCompile>
    <ClCompile Include="i_lbfgs.cpp" />
    <ClCompile Include="lbfgs.cpp" />
    <ClCompile Include="twoIstar.cpp" />
    <ClCompile Include="fit2DGaussian.cpp" />
  </ItemGroup>
  <ItemGroup>
    <None Include="libs\ap.english.html">
      <Filter>libs</Filter>
    </None>
    <None Include="libs\ap.russian.html">
      <Filter>libs</Filter>
    </None>
    <None Include="fit2DGaussian.def" />
  </ItemGroup>
  <ItemGroup>
    <ClInclude Include="libs\ap.h">
      <Filter>libs</Filter>
    </ClInclude>
    <ClInclude Include="libs\stdafx.h">
      <Filter>libs</Filter>
    </ClInclude>
    <ClInclude Include="i_lbfgs.h" />
    <ClInclude Include="lbfgs.h" />
    <ClInclude Include="fit2DGaussian.h" />
  </ItemGroup>
</Project>