
Microsoft Visual Studio Solution File, Format Version 12.00
# Visual Studio 15
VisualStudioVersion = 15.0.28307.572
MinimumVisualStudioVersion = 10.0.40219.1
Project("{888888A0-9F3D-457C-B088-3A5042F75D52}") = "PyReadPTU", "python\PyReadPTU.pyproj", "{E4AD2356-618E-4187-A3D4-CAE0BB64CA15}"
EndProject
Project("{8BC9CEB8-8B4A-11D0-8D11-00A0C91BC942}") = "ProcessPhotonStream", "c\ProcessPhotonStream.vcxproj", "{166CF432-D7D9-45A7-9FDD-012AFF567217}"
EndProject
Global
	GlobalSection(SolutionConfigurationPlatforms) = preSolution
		Debug|Any CPU = Debug|Any CPU
		Debug|x64 = Debug|x64
		Debug|x86 = Debug|x86
		Release|Any CPU = Release|Any CPU
		Release|x64 = Release|x64
		Release|x86 = Release|x86
	EndGlobalSection
	GlobalSection(ProjectConfigurationPlatforms) = postSolution
		{E4AD2356-618E-4187-A3D4-CAE0BB64CA15}.Debug|Any CPU.ActiveCfg = Debug|Any CPU
		{E4AD2356-618E-4187-A3D4-CAE0BB64CA15}.Debug|x64.ActiveCfg = Debug|Any CPU
		{E4AD2356-618E-4187-A3D4-CAE0BB64CA15}.Debug|x86.ActiveCfg = Debug|Any CPU
		{E4AD2356-618E-4187-A3D4-CAE0BB64CA15}.Release|Any CPU.ActiveCfg = Release|Any CPU
		{E4AD2356-618E-4187-A3D4-CAE0BB64CA15}.Release|x64.ActiveCfg = Release|Any CPU
		{E4AD2356-618E-4187-A3D4-CAE0BB64CA15}.Release|x86.ActiveCfg = Release|Any CPU
		{166CF432-D7D9-45A7-9FDD-012AFF567217}.Debug|Any CPU.ActiveCfg = Debug|Win32
		{166CF432-D7D9-45A7-9FDD-012AFF567217}.Debug|x64.ActiveCfg = Debug|x64
		{166CF432-D7D9-45A7-9FDD-012AFF567217}.Debug|x64.Build.0 = Debug|x64
		{166CF432-D7D9-45A7-9FDD-012AFF567217}.Debug|x86.ActiveCfg = Debug|Win32
		{166CF432-D7D9-45A7-9FDD-012AFF567217}.Debug|x86.Build.0 = Debug|Win32
		{166CF432-D7D9-45A7-9FDD-012AFF567217}.Release|Any CPU.ActiveCfg = Release|Win32
		{166CF432-D7D9-45A7-9FDD-012AFF567217}.Release|x64.ActiveCfg = Release|x64
		{166CF432-D7D9-45A7-9FDD-012AFF567217}.Release|x64.Build.0 = Release|x64
		{166CF432-D7D9-45A7-9FDD-012AFF567217}.Release|x86.ActiveCfg = Release|Win32
		{166CF432-D7D9-45A7-9FDD-012AFF567217}.Release|x86.Build.0 = Release|Win32
	EndGlobalSection
	GlobalSection(SolutionProperties) = preSolution
		HideSolutionNode = FALSE
	EndGlobalSection
	GlobalSection(ExtensibilityGlobals) = postSolution
		SolutionGuid = {0F230860-CE42-4E1B-A444-005F114F85E7}
	EndGlobalSection
EndGlobal
